
Microsoft Visual Studio Solution File, Format Version 12.00
# Visual Studio Version 16
VisualStudioVersion = 16.0.30413.136
MinimumVisualStudioVersion = 10.0.40219.1
Project("{FAE04EC0-301F-11D3-BF4B-00C04F79EFBC}") = "Csharp DZ 12", "Csharp DZ 12\Csharp DZ 12.csproj", "{832A675E-254E-493C-8151-4ACB0A1CBC5D}"
EndProject
Global
	GlobalSection(SolutionConfigurationPlatforms) = preSolution
		Debug|Any CPU = Debug|Any CPU
		Release|Any CPU = Release|Any CPU
	EndGlobalSection
	GlobalSection(ProjectConfigurationPlatforms) = postSolution
		{832A675E-254E-493C-8151-4ACB0A1CBC5D}.Debug|Any CPU.ActiveCfg = Debug|Any CPU
		{832A675E-254E-493C-8151-4ACB0A1CBC5D}.Debug|Any CPU.Build.0 = Debug|Any CPU
		{832A675E-254E-493C-8151-4ACB0A1CBC5D}.Release|Any CPU.ActiveCfg = Release|Any CPU
		{832A675E-254E-493C-8151-4ACB0A1CBC5D}.Release|Any CPU.Build.0 = Release|Any CPU
	EndGlobalSection
	GlobalSection(SolutionProperties) = preSolution
		HideSolutionNode = FALSE
	EndGlobalSection
	GlobalSection(ExtensibilityGlobals) = postSolution
		SolutionGuid = {DEA410DA-3D74-45F7-B68E-61469570D1DF}
	EndGlobalSection
EndGlobal
